
Microsoft Visual Studio Solution File, Format Version 12.00
# Visual Studio Version 17
VisualStudioVersion = 17.7.34031.279
MinimumVisualStudioVersion = 10.0.40219.1
Project("{FAE04EC0-301F-11D3-BF4B-00C04F79EFBC}") = "TruckHubSystem", "TruckHubSystem\TruckHubSystem.csproj", "{8F5D5812-4F6C-4C91-8C25-6EB354C9C635}"
EndProject
Project("{FAE04EC0-301F-11D3-BF4B-00C04F79EFBC}") = "TruckHubSystem.Core", "TruckHubSystem.Core\TruckHubSystem.Core.csproj", "{C362E420-6E3D-4CA7-BD6E-6074609A48C7}"
EndProject
Project("{FAE04EC0-301F-11D3-BF4B-00C04F79EFBC}") = "TruckHubSystem.Infrastructure", "TruckHubSystem.Infrastructure\TruckHubSystem.Infrastructure.csproj", "{F05A87B6-1EF1-4F93-850A-DB5C5EC94CBF}"
EndProject
Global
	GlobalSection(SolutionConfigurationPlatforms) = preSolution
		Debug|Any CPU = Debug|Any CPU
		Release|Any CPU = Release|Any CPU
	EndGlobalSection
	GlobalSection(ProjectConfigurationPlatforms) = postSolution
		{8F5D5812-4F6C-4C91-8C25-6EB354C9C635}.Debug|Any CPU.ActiveCfg = Debug|Any CPU
		{8F5D5812-4F6C-4C91-8C25-6EB354C9C635}.Debug|Any CPU.Build.0 = Debug|Any CPU
		{8F5D5812-4F6C-4C91-8C25-6EB354C9C635}.Release|Any CPU.ActiveCfg = Release|Any CPU
		{8F5D5812-4F6C-4C91-8C25-6EB354C9C635}.Release|Any CPU.Build.0 = Release|Any CPU
		{C362E420-6E3D-4CA7-BD6E-6074609A48C7}.Debug|Any CPU.ActiveCfg = Debug|Any CPU
		{C362E420-6E3D-4CA7-BD6E-6074609A48C7}.Debug|Any CPU.Build.0 = Debug|Any CPU
		{C362E420-6E3D-4CA7-BD6E-6074609A48C7}.Release|Any CPU.ActiveCfg = Release|Any CPU
		{C362E420-6E3D-4CA7-BD6E-6074609A48C7}.Release|Any CPU.Build.0 = Release|Any CPU
		{F05A87B6-1EF1-4F93-850A-DB5C5EC94CBF}.Debug|Any CPU.ActiveCfg = Debug|Any CPU
		{F05A87B6-1EF1-4F93-850A-DB5C5EC94CBF}.Debug|Any CPU.Build.0 = Debug|Any CPU
		{F05A87B6-1EF1-4F93-850A-DB5C5EC94CBF}.Release|Any CPU.ActiveCfg = Release|Any CPU
		{F05A87B6-1EF1-4F93-850A-DB5C5EC94CBF}.Release|Any CPU.Build.0 = Release|Any CPU
	EndGlobalSection
	GlobalSection(SolutionProperties) = preSolution
		HideSolutionNode = FALSE
	EndGlobalSection
	GlobalSection(ExtensibilityGlobals) = postSolution
		SolutionGuid = {7AAE6F40-719E-4170-B4C7-C33A396268E6}
	EndGlobalSection
EndGlobal
